PODS:
  - Nimble (8.0.5)
  - Quick (2.2.0)

DEPENDENCIES:
  - Nimble (~> 8.0)
  - Quick (~> 2.0)

SPEC REPOS:
  trunk:
    - Nimble
    - Quick

SPEC CHECKSUMS:
  Nimble: 4ab1aeb9b45553c75b9687196b0fa0713170a332
  Quick: 7fb19e13be07b5dfb3b90d4f9824c855a11af40e

PODFILE CHECKSUM: f34d9ff3be0ddd94876ac1c615c3b73ab50bef5f

COCOAPODS: 1.8.4
