PODS:
  - GPUImage (0.1.7)
  - Nimble (8.0.5)
  - Quick (2.2.0)
  - SQLite.swift (0.12.2):
    - SQLite.swift/standard (= 0.12.2)
  - SQLite.swift/standard (0.12.2)
  - SwiftOCR (1.1):
    - GPUImage

DEPENDENCIES:
  - Nimble (~> 8.0)
  - Quick (~> 2.0)
  - SQLite.swift
  - SwiftOCR (from `https://github.com/AndreyLunevich/SwiftOCR.git`)

SPEC REPOS:
  trunk:
    - GPUImage
    - Nimble
    - Quick
    - SQLite.swift

EXTERNAL SOURCES:
  SwiftOCR:
    :git: https://github.com/AndreyLunevich/SwiftOCR.git

CHECKOUT OPTIONS:
  SwiftOCR:
    :commit: de9c079734d04398b53ec255701cedd6ae455d51
    :git: https://github.com/AndreyLunevich/SwiftOCR.git

SPEC CHECKSUMS:
  GPUImage: 733a5f0fab92df9de1c37ba9df520a833ccb406d
  Nimble: 4ab1aeb9b45553c75b9687196b0fa0713170a332
  Quick: 7fb19e13be07b5dfb3b90d4f9824c855a11af40e
  SQLite.swift: d2b4642190917051ce6bd1d49aab565fe794eea3
  SwiftOCR: 404417fffe7262cd82f3e1153ec87d646eb3893e

PODFILE CHECKSUM: d8919d46534187bde0a322157c88eaaa26485e67

COCOAPODS: 1.8.4
